# This file was autogenerated by Stack.
# You should not edit this file by hand.
# For more information, please see the documentation at:
#   https://docs.haskellstack.org/en/stable/lock_files

packages:
- completed:
    hackage: happstack-server-7.5.1.3@sha256:5cfaffa15fe97262d3856196add3e1f92a236e2c5e0afa5ec21ed36887513996,6449
    pantry-tree:
      size: 3201
      sha256: 819ad7fdcf9e97efd54c4046731b428b2a3154ffad23f221ec9a54c436870218
  original:
    hackage: happstack-server-7.5.1.3
- completed:
    hackage: time-compat-0.1.0.3@sha256:42a0a7d2f0d60467e388721a8b867caa7dff891cad20867d1211039716342087,861
    pantry-tree:
      size: 218
      sha256: 9034655f12b39a90a83ec0b0de664209eda902b8c10f398db376932bd28ae6e0
  original:
    hackage: time-compat-0.1.0.3@sha256:42a0a7d2f0d60467e388721a8b867caa7dff891cad20867d1211039716342087,861
snapshots:
- completed:
    size: 523878
    url: https://raw.githubusercontent.com/commercialhaskell/stackage-snapshots/master/lts/14/3.yaml
    sha256: 470c46c27746a48c7c50f829efc0cf00112787a7804ee4ac7a27754658f6d92c
  original: lts-14.3
